
Microsoft Visual Studio Solution File, Format Version 12.00
# Visual Studio Version 16
VisualStudioVersion = 16.0.30406.217
MinimumVisualStudioVersion = 10.0.40219.1
Project("{9A19103F-16F7-4668-BE54-9A1E7A4F7556}") = "AsynchronousProgramming", "AsynchronousProgramming\AsynchronousProgramming.csproj", "{D7378CD3-B91B-4BEA-805C-7119B2787720}"
EndProject
Project("{9A19103F-16F7-4668-BE54-9A1E7A4F7556}") = "ConcurrencyExamples", "ConcurrencyExamples\ConcurrencyExamples.csproj", "{387FDF45-5AB7-41EA-BE33-B212F578EC28}"
EndProject
Project("{9A19103F-16F7-4668-BE54-9A1E7A4F7556}") = "ThreadingExamples", "ThreadingExamples\ThreadingExamples.csproj", "{BC5957DA-8E1A-4152-A781-479580689EDB}"
EndProject
Project("{FAE04EC0-301F-11D3-BF4B-00C04F79EFBC}") = "UserInterfaceExample", "UserInterfaceExample\UserInterfaceExample.csproj", "{A2C39D2F-4E93-4784-A141-B7F5D6279081}"
EndProject
Project("{9A19103F-16F7-4668-BE54-9A1E7A4F7556}") = "TaskExamples", "TaskExamples\TaskExamples.csproj", "{783F231E-5DF7-415F-85AD-9692D43FB94A}"
EndProject
Project("{9A19103F-16F7-4668-BE54-9A1E7A4F7556}") = "AsyncAwait", "AsyncAwait\AsyncAwait.csproj", "{A58C2331-3EFD-4398-8E52-C23F035E1F70}"
EndProject
Project("{FAE04EC0-301F-11D3-BF4B-00C04F79EFBC}") = "WebServiceExample", "WebServiceExample\WebServiceExample.csproj", "{0315E613-8CC3-43E8-A651-91C9DB50C444}"
EndProject
Global
	GlobalSection(SolutionConfigurationPlatforms) = preSolution
		Debug|Any CPU = Debug|Any CPU
		Debug|ARM = Debug|ARM
		Debug|ARM64 = Debug|ARM64
		Debug|x64 = Debug|x64
		Debug|x86 = Debug|x86
		Release|Any CPU = Release|Any CPU
		Release|ARM = Release|ARM
		Release|ARM64 = Release|ARM64
		Release|x64 = Release|x64
		Release|x86 = Release|x86
	EndGlobalSection
	GlobalSection(ProjectConfigurationPlatforms) = postSolution
		{D7378CD3-B91B-4BEA-805C-7119B2787720}.Debug|Any CPU.ActiveCfg = Debug|Any CPU
		{D7378CD3-B91B-4BEA-805C-7119B2787720}.Debug|Any CPU.Build.0 = Debug|Any CPU
		{D7378CD3-B91B-4BEA-805C-7119B2787720}.Debug|ARM.ActiveCfg = Debug|Any CPU
		{D7378CD3-B91B-4BEA-805C-7119B2787720}.Debug|ARM.Build.0 = Debug|Any CPU
		{D7378CD3-B91B-4BEA-805C-7119B2787720}.Debug|ARM64.ActiveCfg = Debug|Any CPU
		{D7378CD3-B91B-4BEA-805C-7119B2787720}.Debug|ARM64.Build.0 = Debug|Any CPU
		{D7378CD3-B91B-4BEA-805C-7119B2787720}.Debug|x64.ActiveCfg = Debug|Any CPU
		{D7378CD3-B91B-4BEA-805C-7119B2787720}.Debug|x64.Build.0 = Debug|Any CPU
		{D7378CD3-B91B-4BEA-805C-7119B2787720}.Debug|x86.ActiveCfg = Debug|Any CPU
		{D7378CD3-B91B-4BEA-805C-7119B2787720}.Debug|x86.Build.0 = Debug|Any CPU
		{D7378CD3-B91B-4BEA-805C-7119B2787720}.Release|Any CPU.ActiveCfg = Release|Any CPU
		{D7378CD3-B91B-4BEA-805C-7119B2787720}.Release|Any CPU.Build.0 = Release|Any CPU
		{D7378CD3-B91B-4BEA-805C-7119B2787720}.Release|ARM.ActiveCfg = Release|Any CPU
		{D7378CD3-B91B-4BEA-805C-7119B2787720}.Release|ARM.Build.0 = Release|Any CPU
		{D7378CD3-B91B-4BEA-805C-7119B2787720}.Release|ARM64.ActiveCfg = Release|Any CPU
		{D7378CD3-B91B-4BEA-805C-7119B2787720}.Release|ARM64.Build.0 = Release|Any CPU
		{D7378CD3-B91B-4BEA-805C-7119B2787720}.Release|x64.ActiveCfg = Release|Any CPU
		{D7378CD3-B91B-4BEA-805C-7119B2787720}.Release|x64.Build.0 = Release|Any CPU
		{D7378CD3-B91B-4BEA-805C-7119B2787720}.Release|x86.ActiveCfg = Release|Any CPU
		{D7378CD3-B91B-4BEA-805C-7119B2787720}.Release|x86.Build.0 = Release|Any CPU
		{387FDF45-5AB7-41EA-BE33-B212F578EC28}.Debug|Any CPU.ActiveCfg = Debug|Any CPU
		{387FDF45-5AB7-41EA-BE33-B212F578EC28}.Debug|Any CPU.Build.0 = Debug|Any CPU
		{387FDF45-5AB7-41EA-BE33-B212F578EC28}.Debug|ARM.ActiveCfg = Debug|Any CPU
		{387FDF45-5AB7-41EA-BE33-B212F578EC28}.Debug|ARM.Build.0 = Debug|Any CPU
		{387FDF45-5AB7-41EA-BE33-B212F578EC28}.Debug|ARM64.ActiveCfg = Debug|Any CPU
		{387FDF45-5AB7-41EA-BE33-B212F578EC28}.Debug|ARM64.Build.0 = Debug|Any CPU
		{387FDF45-5AB7-41EA-BE33-B212F578EC28}.Debug|x64.ActiveCfg = Debug|Any CPU
		{387FDF45-5AB7-41EA-BE33-B212F578EC28}.Debug|x64.Build.0 = Debug|Any CPU
		{387FDF45-5AB7-41EA-BE33-B212F578EC28}.Debug|x86.ActiveCfg = Debug|Any CPU
		{387FDF45-5AB7-41EA-BE33-B212F578EC28}.Debug|x86.Build.0 = Debug|Any CPU
		{387FDF45-5AB7-41EA-BE33-B212F578EC28}.Release|Any CPU.ActiveCfg = Release|Any CPU
		{387FDF45-5AB7-41EA-BE33-B212F578EC28}.Release|Any CPU.Build.0 = Release|Any CPU
		{387FDF45-5AB7-41EA-BE33-B212F578EC28}.Release|ARM.ActiveCfg = Release|Any CPU
		{387FDF45-5AB7-41EA-BE33-B212F578EC28}.Release|ARM.Build.0 = Release|Any CPU
		{387FDF45-5AB7-41EA-BE33-B212F578EC28}.Release|ARM64.ActiveCfg = Release|Any CPU
		{387FDF45-5AB7-41EA-BE33-B212F578EC28}.Release|ARM64.Build.0 = Release|Any CPU
		{387FDF45-5AB7-41EA-BE33-B212F578EC28}.Release|x64.ActiveCfg = Release|Any CPU
		{387FDF45-5AB7-41EA-BE33-B212F578EC28}.Release|x64.Build.0 = Release|Any CPU
		{387FDF45-5AB7-41EA-BE33-B212F578EC28}.Release|x86.ActiveCfg = Release|Any CPU
		{387FDF45-5AB7-41EA-BE33-B212F578EC28}.Release|x86.Build.0 = Release|Any CPU
		{BC5957DA-8E1A-4152-A781-479580689EDB}.Debug|Any CPU.ActiveCfg = Debug|Any CPU
		{BC5957DA-8E1A-4152-A781-479580689EDB}.Debug|Any CPU.Build.0 = Debug|Any CPU
		{BC5957DA-8E1A-4152-A781-479580689EDB}.Debug|ARM.ActiveCfg = Debug|Any CPU
		{BC5957DA-8E1A-4152-A781-479580689EDB}.Debug|ARM.Build.0 = Debug|Any CPU
		{BC5957DA-8E1A-4152-A781-479580689EDB}.Debug|ARM64.ActiveCfg = Debug|Any CPU
		{BC5957DA-8E1A-4152-A781-479580689EDB}.Debug|ARM64.Build.0 = Debug|Any CPU
		{BC5957DA-8E1A-4152-A781-479580689EDB}.Debug|x64.ActiveCfg = Debug|Any CPU
		{BC5957DA-8E1A-4152-A781-479580689EDB}.Debug|x64.Build.0 = Debug|Any CPU
		{BC5957DA-8E1A-4152-A781-479580689EDB}.Debug|x86.ActiveCfg = Debug|Any CPU
		{BC5957DA-8E1A-4152-A781-479580689EDB}.Debug|x86.Build.0 = Debug|Any CPU
		{BC5957DA-8E1A-4152-A781-479580689EDB}.Release|Any CPU.ActiveCfg = Release|Any CPU
		{BC5957DA-8E1A-4152-A781-479580689EDB}.Release|Any CPU.Build.0 = Release|Any CPU
		{BC5957DA-8E1A-4152-A781-479580689EDB}.Release|ARM.ActiveCfg = Release|Any CPU
		{BC5957DA-8E1A-4152-A781-479580689EDB}.Release|ARM.Build.0 = Release|Any CPU
		{BC5957DA-8E1A-4152-A781-479580689EDB}.Release|ARM64.ActiveCfg = Release|Any CPU
		{BC5957DA-8E1A-4152-A781-479580689EDB}.Release|ARM64.Build.0 = Release|Any CPU
		{BC5957DA-8E1A-4152-A781-479580689EDB}.Release|x64.ActiveCfg = Release|Any CPU
		{BC5957DA-8E1A-4152-A781-479580689EDB}.Release|x64.Build.0 = Release|Any CPU
		{BC5957DA-8E1A-4152-A781-479580689EDB}.Release|x86.ActiveCfg = Release|Any CPU
		{BC5957DA-8E1A-4152-A781-479580689EDB}.Release|x86.Build.0 = Release|Any CPU
		{A2C39D2F-4E93-4784-A141-B7F5D6279081}.Debug|Any CPU.ActiveCfg = Debug|x86
		{A2C39D2F-4E93-4784-A141-B7F5D6279081}.Debug|ARM.ActiveCfg = Debug|ARM
		{A2C39D2F-4E93-4784-A141-B7F5D6279081}.Debug|ARM.Build.0 = Debug|ARM
		{A2C39D2F-4E93-4784-A141-B7F5D6279081}.Debug|ARM.Deploy.0 = Debug|ARM
		{A2C39D2F-4E93-4784-A141-B7F5D6279081}.Debug|ARM64.ActiveCfg = Debug|ARM64
		{A2C39D2F-4E93-4784-A141-B7F5D6279081}.Debug|ARM64.Build.0 = Debug|ARM64
		{A2C39D2F-4E93-4784-A141-B7F5D6279081}.Debug|ARM64.Deploy.0 = Debug|ARM64
		{A2C39D2F-4E93-4784-A141-B7F5D6279081}.Debug|x64.ActiveCfg = Debug|x64
		{A2C39D2F-4E93-4784-A141-B7F5D6279081}.Debug|x64.Build.0 = Debug|x64
		{A2C39D2F-4E93-4784-A141-B7F5D6279081}.Debug|x64.Deploy.0 = Debug|x64
		{A2C39D2F-4E93-4784-A141-B7F5D6279081}.Debug|x86.ActiveCfg = Debug|x86
		{A2C39D2F-4E93-4784-A141-B7F5D6279081}.Debug|x86.Build.0 = Debug|x86
		{A2C39D2F-4E93-4784-A141-B7F5D6279081}.Debug|x86.Deploy.0 = Debug|x86
		{A2C39D2F-4E93-4784-A141-B7F5D6279081}.Release|Any CPU.ActiveCfg = Release|x86
		{A2C39D2F-4E93-4784-A141-B7F5D6279081}.Release|ARM.ActiveCfg = Release|ARM
		{A2C39D2F-4E93-4784-A141-B7F5D6279081}.Release|ARM.Build.0 = Release|ARM
		{A2C39D2F-4E93-4784-A141-B7F5D6279081}.Release|ARM.Deploy.0 = Release|ARM
		{A2C39D2F-4E93-4784-A141-B7F5D6279081}.Release|ARM64.ActiveCfg = Release|ARM64
		{A2C39D2F-4E93-4784-A141-B7F5D6279081}.Release|ARM64.Build.0 = Release|ARM64
		{A2C39D2F-4E93-4784-A141-B7F5D6279081}.Release|ARM64.Deploy.0 = Release|ARM64
		{A2C39D2F-4E93-4784-A141-B7F5D6279081}.Release|x64.ActiveCfg = Release|x64
		{A2C39D2F-4E93-4784-A141-B7F5D6279081}.Release|x64.Build.0 = Release|x64
		{A2C39D2F-4E93-4784-A141-B7F5D6279081}.Release|x64.Deploy.0 = Release|x64
		{A2C39D2F-4E93-4784-A141-B7F5D6279081}.Release|x86.ActiveCfg = Release|x86
		{A2C39D2F-4E93-4784-A141-B7F5D6279081}.Release|x86.Build.0 = Release|x86
		{A2C39D2F-4E93-4784-A141-B7F5D6279081}.Release|x86.Deploy.0 = Release|x86
		{783F231E-5DF7-415F-85AD-9692D43FB94A}.Debug|Any CPU.ActiveCfg = Debug|Any CPU
		{783F231E-5DF7-415F-85AD-9692D43FB94A}.Debug|Any CPU.Build.0 = Debug|Any CPU
		{783F231E-5DF7-415F-85AD-9692D43FB94A}.Debug|ARM.ActiveCfg = Debug|Any CPU
		{783F231E-5DF7-415F-85AD-9692D43FB94A}.Debug|ARM.Build.0 = Debug|Any CPU
		{783F231E-5DF7-415F-85AD-9692D43FB94A}.Debug|ARM64.ActiveCfg = Debug|Any CPU
		{783F231E-5DF7-415F-85AD-9692D43FB94A}.Debug|ARM64.Build.0 = Debug|Any CPU
		{783F231E-5DF7-415F-85AD-9692D43FB94A}.Debug|x64.ActiveCfg = Debug|Any CPU
		{783F231E-5DF7-415F-85AD-9692D43FB94A}.Debug|x64.Build.0 = Debug|Any CPU
		{783F231E-5DF7-415F-85AD-9692D43FB94A}.Debug|x86.ActiveCfg = Debug|Any CPU
		{783F231E-5DF7-415F-85AD-9692D43FB94A}.Debug|x86.Build.0 = Debug|Any CPU
		{783F231E-5DF7-415F-85AD-9692D43FB94A}.Release|Any CPU.ActiveCfg = Release|Any CPU
		{783F231E-5DF7-415F-85AD-9692D43FB94A}.Release|Any CPU.Build.0 = Release|Any CPU
		{783F231E-5DF7-415F-85AD-9692D43FB94A}.Release|ARM.ActiveCfg = Release|Any CPU
		{783F231E-5DF7-415F-85AD-9692D43FB94A}.Release|ARM.Build.0 = Release|Any CPU
		{783F231E-5DF7-415F-85AD-9692D43FB94A}.Release|ARM64.ActiveCfg = Release|Any CPU
		{783F231E-5DF7-415F-85AD-9692D43FB94A}.Release|ARM64.Build.0 = Release|Any CPU
		{783F231E-5DF7-415F-85AD-9692D43FB94A}.Release|x64.ActiveCfg = Release|Any CPU
		{783F231E-5DF7-415F-85AD-9692D43FB94A}.Release|x64.Build.0 = Release|Any CPU
		{783F231E-5DF7-415F-85AD-9692D43FB94A}.Release|x86.ActiveCfg = Release|Any CPU
		{783F231E-5DF7-415F-85AD-9692D43FB94A}.Release|x86.Build.0 = Release|Any CPU
		{A58C2331-3EFD-4398-8E52-C23F035E1F70}.Debug|Any CPU.ActiveCfg = Debug|Any CPU
		{A58C2331-3EFD-4398-8E52-C23F035E1F70}.Debug|Any CPU.Build.0 = Debug|Any CPU
		{A58C2331-3EFD-4398-8E52-C23F035E1F70}.Debug|ARM.ActiveCfg = Debug|Any CPU
		{A58C2331-3EFD-4398-8E52-C23F035E1F70}.Debug|ARM.Build.0 = Debug|Any CPU
		{A58C2331-3EFD-4398-8E52-C23F035E1F70}.Debug|ARM64.ActiveCfg = Debug|Any CPU
		{A58C2331-3EFD-4398-8E52-C23F035E1F70}.Debug|ARM64.Build.0 = Debug|Any CPU
		{A58C2331-3EFD-4398-8E52-C23F035E1F70}.Debug|x64.ActiveCfg = Debug|Any CPU
		{A58C2331-3EFD-4398-8E52-C23F035E1F70}.Debug|x64.Build.0 = Debug|Any CPU
		{A58C2331-3EFD-4398-8E52-C23F035E1F70}.Debug|x86.ActiveCfg = Debug|Any CPU
		{A58C2331-3EFD-4398-8E52-C23F035E1F70}.Debug|x86.Build.0 = Debug|Any CPU
		{A58C2331-3EFD-4398-8E52-C23F035E1F70}.Release|Any CPU.ActiveCfg = Release|Any CPU
		{A58C2331-3EFD-4398-8E52-C23F035E1F70}.Release|Any CPU.Build.0 = Release|Any CPU
		{A58C2331-3EFD-4398-8E52-C23F035E1F70}.Release|ARM.ActiveCfg = Release|Any CPU
		{A58C2331-3EFD-4398-8E52-C23F035E1F70}.Release|ARM.Build.0 = Release|Any CPU
		{A58C2331-3EFD-4398-8E52-C23F035E1F70}.Release|ARM64.ActiveCfg = Release|Any CPU
		{A58C2331-3EFD-4398-8E52-C23F035E1F70}.Release|ARM64.Build.0 = Release|Any CPU
		{A58C2331-3EFD-4398-8E52-C23F035E1F70}.Release|x64.ActiveCfg = Release|Any CPU
		{A58C2331-3EFD-4398-8E52-C23F035E1F70}.Release|x64.Build.0 = Release|Any CPU
		{A58C2331-3EFD-4398-8E52-C23F035E1F70}.Release|x86.ActiveCfg = Release|Any CPU
		{A58C2331-3EFD-4398-8E52-C23F035E1F70}.Release|x86.Build.0 = Release|Any CPU
		{0315E613-8CC3-43E8-A651-91C9DB50C444}.Debug|Any CPU.ActiveCfg = Debug|Any CPU
		{0315E613-8CC3-43E8-A651-91C9DB50C444}.Debug|Any CPU.Build.0 = Debug|Any CPU
		{0315E613-8CC3-43E8-A651-91C9DB50C444}.Debug|ARM.ActiveCfg = Debug|Any CPU
		{0315E613-8CC3-43E8-A651-91C9DB50C444}.Debug|ARM.Build.0 = Debug|Any CPU
		{0315E613-8CC3-43E8-A651-91C9DB50C444}.Debug|ARM64.ActiveCfg = Debug|Any CPU
		{0315E613-8CC3-43E8-A651-91C9DB50C444}.Debug|ARM64.Build.0 = Debug|Any CPU
		{0315E613-8CC3-43E8-A651-91C9DB50C444}.Debug|x64.ActiveCfg = Debug|Any CPU
		{0315E613-8CC3-43E8-A651-91C9DB50C444}.Debug|x64.Build.0 = Debug|Any CPU
		{0315E613-8CC3-43E8-A651-91C9DB50C444}.Debug|x86.ActiveCfg = Debug|Any CPU
		{0315E613-8CC3-43E8-A651-91C9DB50C444}.Debug|x86.Build.0 = Debug|Any CPU
		{0315E613-8CC3-43E8-A651-91C9DB50C444}.Release|Any CPU.ActiveCfg = Release|Any CPU
		{0315E613-8CC3-43E8-A651-91C9DB50C444}.Release|Any CPU.Build.0 = Release|Any CPU
		{0315E613-8CC3-43E8-A651-91C9DB50C444}.Release|ARM.ActiveCfg = Release|Any CPU
		{0315E613-8CC3-43E8-A651-91C9DB50C444}.Release|ARM.Build.0 = Release|Any CPU
		{0315E613-8CC3-43E8-A651-91C9DB50C444}.Release|ARM64.ActiveCfg = Release|Any CPU
		{0315E613-8CC3-43E8-A651-91C9DB50C444}.Release|ARM64.Build.0 = Release|Any CPU
		{0315E613-8CC3-43E8-A651-91C9DB50C444}.Release|x64.ActiveCfg = Release|Any CPU
		{0315E613-8CC3-43E8-A651-91C9DB50C444}.Release|x64.Build.0 = Release|Any CPU
		{0315E613-8CC3-43E8-A651-91C9DB50C444}.Release|x86.ActiveCfg = Release|Any CPU
		{0315E613-8CC3-43E8-A651-91C9DB50C444}.Release|x86.Build.0 = Release|Any CPU
	EndGlobalSection
	GlobalSection(SolutionProperties) = preSolution
		HideSolutionNode = FALSE
	EndGlobalSection
	GlobalSection(ExtensibilityGlobals) = postSolution
		SolutionGuid = {6197ABB7-A06E-4EDD-9B88-9AEC77776CB8}
	EndGlobalSection
EndGlobal
